{
  "name": "greenphoenix",
  "version": "0.1.0",
  "lockfileVersion": 1,
  "dependencies": {
    "stylelint-config-pagarme-react": {
      "version": "file:../../react-style-guide/packages/stylelint",
      "dependencies": {
        "stylelint-config-recommended": {
          "version": "1.0.0",
          "bundled": true
        },
        "stylelint-config-standard": {
          "version": "17.0.0",
          "bundled": true
        }
      }
    }
  }
}
